
Microsoft Visual Studio Solution File, Format Version 12.00
# Visual Studio 15
VisualStudioVersion = 15.0.28307.438
MinimumVisualStudioVersion = 10.0.40219.1
Project("{8BC9CEB8-8B4A-11D0-8D11-00A0C91BC942}") = "SClb_ArtNetNode4", "SClb_ArtNetNode4.vcxitems", "{A73BCB90-BF80-43EB-BA76-53786C38C8D4}"
EndProject
Global
	GlobalSection(SolutionProperties) = preSolution
		HideSolutionNode = FALSE
	EndGlobalSection
	GlobalSection(ExtensibilityGlobals) = postSolution
		SolutionGuid = {0798EAE4-BE02-4A34-904C-56CF74B15981}
	EndGlobalSection
EndGlobal
